# This file is @generated by PDM.
# It is not intended for manual editing.

[metadata]
groups = ["default"]
strategy = ["inherit_metadata"]
lock_version = "4.5.0"
content_hash = "sha256:f48f247779a4e596da47b5208ea67f8ca6228f560ace0534722a4343dc08373b"

[[metadata.targets]]
requires_python = ">=3.10"

[[package]]
name = "cocotb"
version = "1.9.0"
requires_python = ">=3.6"
summary = "cocotb is a coroutine based cosimulation library for writing VHDL and Verilog testbenches in Python."
groups = ["default"]
dependencies = [
    "find-libpython",
]
files = [
    {file = "cocotb-1.9.0-cp310-cp310-macosx_10_9_x86_64.whl", hash = "sha256:c11e21d291ba2f889e33c21d76e9aec6ffdfb5666053dc34452666579daa675b"},
    {file = "cocotb-1.9.0-cp310-cp310-manylinux_2_17_x86_64.manylinux2014_x86_64.whl", hash = "sha256:5832d894419a9e8fe5c242e3ac86588e16e2cb379822dcb154bfec8544ae858e"},
    {file = "cocotb-1.9.0-cp310-cp310-manylinux_2_5_i686.manylinux1_i686.manylinux_2_17_i686.manylinux2014_i686.whl", hash = "sha256:89503f0749362d36b6fab8636710f1848943c21f9d488672921bac21e9edd29f"},
    {file = "cocotb-1.9.0-cp310-cp310-win32.whl", hash = "sha256:598b841ed0809e5c64d8c383b8035f6ace5a6f9013f680cdc6981221911c005d"},
    {file = "cocotb-1.9.0-cp310-cp310-win_amd64.whl", hash = "sha256:8cb4b0edf8f0b47c3b604b461cb574fc75fd97efa893cbaf828f4f2f71cf459e"},
    {file = "cocotb-1.9.0-cp311-cp311-macosx_10_9_x86_64.whl", hash = "sha256:17556e3a23562f64d577d0eb117fe02e384aedee997b29497b5c395f5010ff82"},
    {file = "cocotb-1.9.0-cp311-cp311-manylinux_2_17_x86_64.manylinux2014_x86_64.whl", hash = "sha256:1a0381ced5590a726032ba2265c6b70ac12cfb49edb152be86a081bb7d104751"},
    {file = "cocotb-1.9.0-cp311-cp311-manylinux_2_5_i686.manylinux1_i686.manylinux_2_17_i686.manylinux2014_i686.whl", hash = "sha256:997dbca2a2cd933fd0a44d9fadeebc1e8a40701db15ea06f207811933dceb350"},
    {file = "cocotb-1.9.0-cp311-cp311-win32.whl", hash = "sha256:a7cea13cb2fe4f5ca735490846342885117778a73008a67ed9cac667aaaf3f0d"},
    {file = "cocotb-1.9.0-cp311-cp311-win_amd64.whl", hash = "sha256:87a19d3012f505ba7fda37483b851ef0ca40290ad8a9b28a820b84f8574287bb"},
    {file = "cocotb-1.9.0-cp312-cp312-macosx_10_9_x86_64.whl", hash = "sha256:0ba35617a677ff65a1273411a3dfdfc5f587128ad8cb9e941ab0eb17ec8fb3e2"},
    {file = "cocotb-1.9.0-cp312-cp312-manylinux_2_17_x86_64.manylinux2014_x86_64.whl", hash = "sha256:5a5c91027d7652aaf10e101743edd6b1e832039a19af75fca301275ef30f01d4"},
    {file = "cocotb-1.9.0-cp312-cp312-manylinux_2_5_i686.manylinux1_i686.manylinux_2_17_i686.manylinux2014_i686.whl", hash = "sha256:02a58ef6c941114964096e7c039bdd4e67e63816cfd2f6a9af6a34cd92b00e8e"},
    {file = "cocotb-1.9.0-cp312-cp312-win32.whl", hash = "sha256:c848de13583478d71cc91e528e17c051ca6a3b92e89d703ac5015f17cab1287b"},
    {file = "cocotb-1.9.0-cp312-cp312-win_amd64.whl", hash = "sha256:a84edfbfa57dc6e16845a55feb0b4e1c8b6bbfa5ef1ab6768beba8d81e0546aa"},
    {file = "cocotb-1.9.0.tar.gz", hash = "sha256:19b4e27b53a16e0b9c4cc5227c7f9d4dccac06e431a4f937e9f5513350196333"},
]

[[package]]
name = "find-libpython"
version = "0.4.0"
summary = "Finds the libpython associated with your environment, wherever it may be hiding"
groups = ["default"]
files = [
    {file = "find_libpython-0.4.0-py3-none-any.whl", hash = "sha256:034a4253bd57da3408aefc59aeac1650150f6c1f42e10fdd31615cf1df0842e3"},
    {file = "find_libpython-0.4.0.tar.gz", hash = "sha256:46f9cdcd397ddb563b2d7592ded3796a41c1df5222443bd9d981721c906c03e6"},
]
